{
  "name": "sw-site",
  "version": "1.0.0",
  "lockfileVersion": 1,
  "requires": true,
  "dependencies": {
    "foundation-sites": {
      "version": "6.3.1",
      "resolved": "https://registry.npmjs.org/foundation-sites/-/foundation-sites-6.3.1.tgz",
      "integrity": "sha1-I4Uzct65SAwTtCZJnq8Mj5DNvh0=",
      "requires": {
        "jquery": ">=2.2.0",
        "what-input": "^4.0.3"
      }
    },
    "jquery": {
      "version": "3.1.1",
      "resolved": "https://registry.npmjs.org/jquery/-/jquery-3.1.1.tgz",
      "integrity": "sha1-NHwcIcfgBBFeCk2jLOzgQfrTyKM="
    },
    "what-input": {
      "version": "4.1.1",
      "resolved": "https://registry.npmjs.org/what-input/-/what-input-4.1.1.tgz",
      "integrity": "sha1-R171PEUDvROsFF447XEFpn62nXk="
    }
  }
}
